# This file is automatically @generated by Cargo.
# It is not intended for manual editing.
version = 4

[[package]]
name = "fdgr-cli"
version = "0.0.1"
dependencies = [
 "fdgr-core",
 "fdgr-evidence",
 "fdgr-object-store",
 "fdgr-types",
]

[[package]]
name = "fdgr-codec"
version = "0.0.1"
dependencies = [
 "fdgr-types",
]

[[package]]
name = "fdgr-core"
version = "0.0.1"
dependencies = [
 "fdgr-types",
]

[[package]]
name = "fdgr-evidence"
version = "0.0.1"
dependencies = [
 "fdgr-codec",
 "fdgr-types",
]

[[package]]
name = "fdgr-ledger"
version = "0.0.1"
dependencies = [
 "fdgr-codec",
 "fdgr-types",
]

[[package]]
name = "fdgr-object-store"
version = "0.0.1"
dependencies = [
 "fdgr-evidence",
 "fdgr-types",
]

[[package]]
name = "fdgr-source-file"
version = "0.0.1"
dependencies = [
 "fdgr-codec",
 "fdgr-ledger",
 "fdgr-object-store",
 "fdgr-types",
]

[[package]]
name = "fdgr-types"
version = "0.0.1"
