# This file is automatically @generated by Cargo.
# It is not intended for manual editing.
version = 4

[[package]]
name = "fdgr-calibration"
version = "0.0.1"
dependencies = [
 "fdgr-codec",
 "fdgr-types",
]

[[package]]
name = "fdgr-cli"
version = "0.0.1"
dependencies = [
 "fdgr-clock",
 "fdgr-codec",
 "fdgr-core",
 "fdgr-correspondence",
 "fdgr-evidence",
 "fdgr-keyframe",
 "fdgr-media",
 "fdgr-media-custody",
 "fdgr-media-timeline",
 "fdgr-media-worker",
 "fdgr-object-store",
 "fdgr-recorded-media",
 "fdgr-recorded-media-verify",
 "fdgr-relative-pose",
 "fdgr-types",
]

[[package]]
name = "fdgr-clock"
version = "0.0.1"
dependencies = [
 "fdgr-codec",
 "fdgr-types",
]

[[package]]
name = "fdgr-codec"
version = "0.0.1"
dependencies = [
 "fdgr-types",
]

[[package]]
name = "fdgr-core"
version = "0.0.1"
dependencies = [
 "fdgr-types",
]

[[package]]
name = "fdgr-correspondence"
version = "0.0.1"
dependencies = [
 "fdgr-codec",
 "fdgr-types",
]

[[package]]
name = "fdgr-evidence"
version = "0.0.1"
dependencies = [
 "fdgr-codec",
 "fdgr-types",
]

[[package]]
name = "fdgr-keyframe"
version = "0.0.1"
dependencies = [
 "fdgr-codec",
 "fdgr-types",
]

[[package]]
name = "fdgr-ledger"
version = "0.0.1"
dependencies = [
 "fdgr-codec",
 "fdgr-types",
]

[[package]]
name = "fdgr-media"
version = "0.0.1"

[[package]]
name = "fdgr-media-custody"
version = "0.0.1"
dependencies = [
 "fdgr-codec",
 "fdgr-evidence",
 "fdgr-media",
 "fdgr-object-store",
 "fdgr-types",
]

[[package]]
name = "fdgr-media-timeline"
version = "0.0.1"
dependencies = [
 "fdgr-codec",
 "fdgr-media",
 "fdgr-types",
]

[[package]]
name = "fdgr-media-worker"
version = "0.0.1"
dependencies = [
 "fdgr-codec",
 "fdgr-types",
]

[[package]]
name = "fdgr-object-store"
version = "0.0.1"
dependencies = [
 "fdgr-evidence",
 "fdgr-types",
]

[[package]]
name = "fdgr-recorded-media"
version = "0.0.1"
dependencies = [
 "fdgr-codec",
 "fdgr-media",
 "fdgr-media-custody",
 "fdgr-object-store",
 "fdgr-types",
]

[[package]]
name = "fdgr-recorded-media-verify"
version = "0.0.1"
dependencies = [
 "fdgr-codec",
 "fdgr-media-custody",
 "fdgr-object-store",
 "fdgr-recorded-media",
 "fdgr-types",
]

[[package]]
name = "fdgr-relative-pose"
version = "0.0.1"
dependencies = [
 "fdgr-codec",
 "fdgr-types",
]

[[package]]
name = "fdgr-scale"
version = "0.0.1"
dependencies = [
 "fdgr-codec",
 "fdgr-types",
]

[[package]]
name = "fdgr-source-file"
version = "0.0.1"
dependencies = [
 "fdgr-codec",
 "fdgr-ledger",
 "fdgr-object-store",
 "fdgr-types",
]

[[package]]
name = "fdgr-types"
version = "0.0.1"
