# This file is automatically @generated by Cargo.
# It is not intended for manual editing.
version = 4

[[package]]
name = "fdgr-cli"
version = "0.0.1"
dependencies = [
 "fdgr-core",
 "fdgr-types",
]

[[package]]
name = "fdgr-core"
version = "0.0.1"
dependencies = [
 "fdgr-types",
]

[[package]]
name = "fdgr-types"
version = "0.0.1"
